
Microsoft Visual Studio Solution File, Format Version 12.00
# Visual Studio Version 17
VisualStudioVersion = 17.2.32526.322
MinimumVisualStudioVersion = 10.0.40219.1
Project("{FAE04EC0-301F-11D3-BF4B-00C04F79EFBC}") = "AppLojaWebMvc", "AppLojaWebMvc\AppLojaWebMvc.csproj", "{09CA412A-EBC1-4262-AA49-023438DDDCA7}"
EndProject
Global
	GlobalSection(SolutionConfigurationPlatforms) = preSolution
		Debug|Any CPU = Debug|Any CPU
		Release|Any CPU = Release|Any CPU
	EndGlobalSection
	GlobalSection(ProjectConfigurationPlatforms) = postSolution
		{09CA412A-EBC1-4262-AA49-023438DDDCA7}.Debug|Any CPU.ActiveCfg = Debug|Any CPU
		{09CA412A-EBC1-4262-AA49-023438DDDCA7}.Debug|Any CPU.Build.0 = Debug|Any CPU
		{09CA412A-EBC1-4262-AA49-023438DDDCA7}.Release|Any CPU.ActiveCfg = Release|Any CPU
		{09CA412A-EBC1-4262-AA49-023438DDDCA7}.Release|Any CPU.Build.0 = Release|Any CPU
	EndGlobalSection
	GlobalSection(SolutionProperties) = preSolution
		HideSolutionNode = FALSE
	EndGlobalSection
	GlobalSection(ExtensibilityGlobals) = postSolution
		SolutionGuid = {539BA6A4-92E7-4C70-8B62-02B2A4715A35}
	EndGlobalSection
EndGlobal
